// !$*UTF8*$!
{
	archiveVersion = 1;
	classes = {
	};
	objectVersion = 46;
	objects = {

/* Begin PBXBuildFile section */
		6B8B0E8B1DCC573900C64E00 /* main.m in Sources */ = {isa = PBXBuildFile; fileRef = 6B8B0E8A1DCC573900C64E00 /* main.m */; };
		6B8B0E8E1DCC573900C64E00 /* AppDelegate.m in Sources */ = {isa = PBXBuildFile; fileRef = 6B8B0E8D1DCC573900C64E00 /* AppDelegate.m */; };
		6B8B0E911DCC573900C64E00 /* ViewController.m in Sources */ = {isa = PBXBuildFile; fileRef = 6B8B0E901DCC573900C64E00 /* ViewController.m */; };
		6B8B0E941DCC573900C64E00 /* Main.storyboard in Resources */ = {isa = PBXBuildFile; fileRef = 6B8B0E921DCC573900C64E00 /* Main.storyboard */; };
		6B8B0E971DCC573900C64E00 /* GRContactList.xcdatamodeld in Sources */ = {isa = PBXBuildFile; fileRef = 6B8B0E951DCC573900C64E00 /* GRContactList.xcdatamodeld */; };
		6B8B0E991DCC573900C64E00 /* Assets.xcassets in Resources */ = {isa = PBXBuildFile; fileRef = 6B8B0E981DCC573900C64E00 /* Assets.xcassets */; };
		6B8B0E9C1DCC573900C64E00 /* LaunchScreen.storyboard in Resources */ = {isa = PBXBuildFile; fileRef = 6B8B0E9A1DCC573900C64E00 /* LaunchScreen.storyboard */; };
		6B8B0EA51DCC584B00C64E00 /* addViewController.m in Sources */ = {isa = PBXBuildFile; fileRef = 6B8B0EA41DCC584B00C64E00 /* addViewController.m */; };
		6B8B0EA81DCC586A00C64E00 /* customTableViewCell.m in Sources */ = {isa = PBXBuildFile; fileRef = 6B8B0EA71DCC586A00C64E00 /* customTableViewCell.m */; };
		6B8B0EAD1DCC587F00C64E00 /* Contacts+CoreDataProperties.m in Sources */ = {isa = PBXBuildFile; fileRef = 6B8B0EAA1DCC587F00C64E00 /* Contacts+CoreDataProperties.m */; };
		6B8B0EAE1DCC587F00C64E00 /* Contacts.m in Sources */ = {isa = PBXBuildFile; fileRef = 6B8B0EAC1DCC587F00C64E00 /* Contacts.m */; };
/* End PBXBuildFile section */

/* Begin PBXFileReference section */
		6B8B0E861DCC573900C64E00 /* GRContactList.app */ = {isa = PBXFileReference; explicitFileType = wrapper.application; includeInIndex = 0; path = GRContactList.app; sourceTree = BUILT_PRODUCTS_DIR; };
		6B8B0E8A1DCC573900C64E00 /* main.m */ = {isa = PBXFileReference; lastKnownFileType = sourcecode.c.objc; path = main.m; sourceTree = "<group>"; };
		6B8B0E8C1DCC573900C64E00 /* AppDelegate.h */ = {isa = PBXFileReference; lastKnownFileType = sourcecode.c.h; path = AppDelegate.h; sourceTree = "<group>"; };
		6B8B0E8D1DCC573900C64E00 /* AppDelegate.m */ = {isa = PBXFileReference; lastKnownFileType = sourcecode.c.objc; path = AppDelegate.m; sourceTree = "<group>"; };
		6B8B0E8F1DCC573900C64E00 /* ViewController.h */ = {isa = PBXFileReference; lastKnownFileType = sourcecode.c.h; path = ViewController.h; sourceTree = "<group>"; };
		6B8B0E901DCC573900C64E00 /* ViewController.m */ = {isa = PBXFileReference; lastKnownFileType = sourcecode.c.objc; path = ViewController.m; sourceTree = "<group>"; };
		6B8B0E931DCC573900C64E00 /* Base */ = {isa = PBXFileReference; lastKnownFileType = file.storyboard; name = Base; path = Base.lproj/Main.storyboard; sourceTree = "<group>"; };
		6B8B0E961DCC573900C64E00 /* GRContactList.xcdatamodel */ = {isa = PBXFileReference; lastKnownFileType = wrapper.xcdatamodel; path = GRContactList.xcdatamodel; sourceTree = "<group>"; };
		6B8B0E981DCC573900C64E00 /* Assets.xcassets */ = {isa = PBXFileReference; lastKnownFileType = folder.assetcatalog; path = Assets.xcassets; sourceTree = "<group>"; };
		6B8B0E9B1DCC573900C64E00 /* Base */ = {isa = PBXFileReference; lastKnownFileType = file.storyboard; name = Base; path = Base.lproj/LaunchScreen.storyboard; sourceTree = "<group>"; };
		6B8B0E9D1DCC573900C64E00 /* Info.plist */ = {isa = PBXFileReference; lastKnownFileType = text.plist.xml; path = Info.plist; sourceTree = "<group>"; };
		6B8B0EA31DCC584B00C64E00 /* addViewController.h */ = {isa = PBXFileReference; fileEncoding = 4; lastKnownFileType = sourcecode.c.h; path = addViewController.h; sourceTree = "<group>"; };
		6B8B0EA41DCC584B00C64E00 /* addViewController.m */ = {isa = PBXFileReference; fileEncoding = 4; lastKnownFileType = sourcecode.c.objc; path = addViewController.m; sourceTree = "<group>"; };
		6B8B0EA61DCC586A00C64E00 /* customTableViewCell.h */ = {isa = PBXFileReference; fileEncoding = 4; lastKnownFileType = sourcecode.c.h; path = customTableViewCell.h; sourceTree = "<group>"; };
		6B8B0EA71DCC586A00C64E00 /* customTableViewCell.m */ = {isa = PBXFileReference; fileEncoding = 4; lastKnownFileType = sourcecode.c.objc; path = customTableViewCell.m; sourceTree = "<group>"; };
		6B8B0EA91DCC587F00C64E00 /* Contacts+CoreDataProperties.h */ = {isa = PBXFileReference; fileEncoding = 4; lastKnownFileType = sourcecode.c.h; path = "Contacts+CoreDataProperties.h"; sourceTree = "<group>"; };
		6B8B0EAA1DCC587F00C64E00 /* Contacts+CoreDataProperties.m */ = {isa = PBXFileReference; fileEncoding = 4; lastKnownFileType = sourcecode.c.objc; path = "Contacts+CoreDataProperties.m"; sourceTree = "<group>"; };
		6B8B0EAB1DCC587F00C64E00 /* Contacts.h */ = {isa = PBXFileReference; fileEncoding = 4; lastKnownFileType = sourcecode.c.h; path = Contacts.h; sourceTree = "<group>"; };
		6B8B0EAC1DCC587F00C64E00 /* Contacts.m */ = {isa = PBXFileReference; fileEncoding = 4; lastKnownFileType = sourcecode.c.objc; path = Contacts.m; sourceTree = "<group>"; };
/* End PBXFileReference section */

/* Begin PBXFrameworksBuildPhase section */
		6B8B0E831DCC573900C64E00 /* Frameworks */ = {
			isa = PBXFrameworksBuildPhase;
			buildActionMask = 2147483647;
			files = (
			);
			runOnlyForDeploymentPostprocessing = 0;
		};
/* End PBXFrameworksBuildPhase section */

/* Begin PBXGroup section */
		6B8B0E7D1DCC573900C64E00 = {
			isa = PBXGroup;
			children = (
				6B8B0E881DCC573900C64E00 /* GRContactList */,
				6B8B0E871DCC573900C64E00 /* Products */,
			);
			sourceTree = "<group>";
		};
		6B8B0E871DCC573900C64E00 /* Products */ = {
			isa = PBXGroup;
			children = (
				6B8B0E861DCC573900C64E00 /* GRContactList.app */,
			);
			name = Products;
			sourceTree = "<group>";
		};
		6B8B0E881DCC573900C64E00 /* GRContactList */ = {
			isa = PBXGroup;
			children = (
				6B8B0E8C1DCC573900C64E00 /* AppDelegate.h */,
				6B8B0E8D1DCC573900C64E00 /* AppDelegate.m */,
				6B8B0E8F1DCC573900C64E00 /* ViewController.h */,
				6B8B0E901DCC573900C64E00 /* ViewController.m */,
				6B8B0EA61DCC586A00C64E00 /* customTableViewCell.h */,
				6B8B0EA71DCC586A00C64E00 /* customTableViewCell.m */,
				6B8B0EA31DCC584B00C64E00 /* addViewController.h */,
				6B8B0EA41DCC584B00C64E00 /* addViewController.m */,
				6B8B0E921DCC573900C64E00 /* Main.storyboard */,
				6B8B0EA91DCC587F00C64E00 /* Contacts+CoreDataProperties.h */,
				6B8B0EAA1DCC587F00C64E00 /* Contacts+CoreDataProperties.m */,
				6B8B0EAB1DCC587F00C64E00 /* Contacts.h */,
				6B8B0EAC1DCC587F00C64E00 /* Contacts.m */,
				6B8B0E981DCC573900C64E00 /* Assets.xcassets */,
				6B8B0E9A1DCC573900C64E00 /* LaunchScreen.storyboard */,
				6B8B0E9D1DCC573900C64E00 /* Info.plist */,
				6B8B0E951DCC573900C64E00 /* GRContactList.xcdatamodeld */,
				6B8B0E891DCC573900C64E00 /* Supporting Files */,
			);
			path = GRContactList;
			sourceTree = "<group>";
		};
		6B8B0E891DCC573900C64E00 /* Supporting Files */ = {
			isa = PBXGroup;
			children = (
				6B8B0E8A1DCC573900C64E00 /* main.m */,
			);
			name = "Supporting Files";
			sourceTree = "<group>";
		};
/* End PBXGroup section */

/* Begin PBXNativeTarget section */
		6B8B0E851DCC573900C64E00 /* GRContactList */ = {
			isa = PBXNativeTarget;
			buildConfigurationList = 6B8B0EA01DCC573900C64E00 /* Build configuration list for PBXNativeTarget "GRContactList" */;
			buildPhases = (
				6B8B0E821DCC573900C64E00 /* Sources */,
				6B8B0E831DCC573900C64E00 /* Frameworks */,
				6B8B0E841DCC573900C64E00 /* Resources */,
			);
			buildRules = (
			);
			dependencies = (
			);
			name = GRContactList;
			productName = GRContactList;
			productReference = 6B8B0E861DCC573900C64E00 /* GRContactList.app */;
			productType = "com.apple.product-type.application";
		};
/* End PBXNativeTarget section */

/* Begin PBXProject section */
		6B8B0E7E1DCC573900C64E00 /* Project object */ = {
			isa = PBXProject;
			attributes = {
				LastUpgradeCheck = 0730;
				ORGANIZATIONNAME = "Gunjan Rane";
				TargetAttributes = {
					6B8B0E851DCC573900C64E00 = {
						CreatedOnToolsVersion = 7.3.1;
					};
				};
			};
			buildConfigurationList = 6B8B0E811DCC573900C64E00 /* Build configuration list for PBXProject "GRContactList" */;
			compatibilityVersion = "Xcode 3.2";
			developmentRegion = English;
			hasScannedForEncodings = 0;
			knownRegions = (
				en,
				Base,
			);
			mainGroup = 6B8B0E7D1DCC573900C64E00;
			productRefGroup = 6B8B0E871DCC573900C64E00 /* Products */;
			projectDirPath = "";
			projectRoot = "";
			targets = (
				6B8B0E851DCC573900C64E00 /* GRContactList */,
			);
		};
/* End PBXProject section */

/* Begin PBXResourcesBuildPhase section */
		6B8B0E841DCC573900C64E00 /* Resources */ = {
			isa = PBXResourcesBuildPhase;
			buildActionMask = 2147483647;
			files = (
				6B8B0E9C1DCC573900C64E00 /* LaunchScreen.storyboard in Resources */,
				6B8B0E991DCC573900C64E00 /* Assets.xcassets in Resources */,
				6B8B0E941DCC573900C64E00 /* Main.storyboard in Resources */,
			);
			runOnlyForDeploymentPostprocessing = 0;
		};
/* End PBXResourcesBuildPhase section */

/* Begin PBXSourcesBuildPhase section */
		6B8B0E821DCC573900C64E00 /* Sources */ = {
			isa = PBXSourcesBuildPhase;
			buildActionMask = 2147483647;
			files = (
				6B8B0EAD1DCC587F00C64E00 /* Contacts+CoreDataProperties.m in Sources */,
				6B8B0EA51DCC584B00C64E00 /* addViewController.m in Sources */,
				6B8B0E911DCC573900C64E00 /* ViewController.m in Sources */,
				6B8B0E8E1DCC573900C64E00 /* AppDelegate.m in Sources */,
				6B8B0EAE1DCC587F00C64E00 /* Contacts.m in Sources */,
				6B8B0E8B1DCC573900C64E00 /* main.m in Sources */,
				6B8B0EA81DCC586A00C64E00 /* customTableViewCell.m in Sources */,
				6B8B0E971DCC573900C64E00 /* GRContactList.xcdatamodeld in Sources */,
			);
			runOnlyForDeploymentPostprocessing = 0;
		};
/* End PBXSourcesBuildPhase section */

/* Begin PBXVariantGroup section */
		6B8B0E921DCC573900C64E00 /* Main.storyboard */ = {
			isa = PBXVariantGroup;
			children = (
				6B8B0E931DCC573900C64E00 /* Base */,
			);
			name = Main.storyboard;
			sourceTree = "<group>";
		};
		6B8B0E9A1DCC573900C64E00 /* LaunchScreen.storyboard */ = {
			isa = PBXVariantGroup;
			children = (
				6B8B0E9B1DCC573900C64E00 /* Base */,
			);
			name = LaunchScreen.storyboard;
			sourceTree = "<group>";
		};
/* End PBXVariantGroup section */

/* Begin XCBuildConfiguration section */
		6B8B0E9E1DCC573900C64E00 /* Debug */ = {
			isa = XCBuildConfiguration;
			buildSettings = {
				ALWAYS_SEARCH_USER_PATHS = NO;
				CLANG_ANALYZER_NONNULL = YES;
				CLANG_CXX_LANGUAGE_STANDARD = "gnu++0x";
				CLANG_CXX_LIBRARY = "libc++";
				CLANG_ENABLE_MODULES = YES;
				CLANG_ENABLE_OBJC_ARC = YES;
				CLANG_WARN_BOOL_CONVERSION = YES;
				CLANG_WARN_CONSTANT_CONVERSION = YES;
				CLANG_WARN_DIRECT_OBJC_ISA_USAGE = YES_ERROR;
				CLANG_WARN_EMPTY_BODY = YES;
				CLANG_WARN_ENUM_CONVERSION = YES;
				CLANG_WARN_INT_CONVERSION = YES;
				CLANG_WARN_OBJC_ROOT_CLASS = YES_ERROR;
				CLANG_WARN_UNREACHABLE_CODE = YES;
				CLANG_WARN__DUPLICATE_METHOD_MATCH = YES;
				"CODE_SIGN_IDENTITY[sdk=iphoneos*]" = "iPhone Developer";
				COPY_PHASE_STRIP = NO;
				DEBUG_INFORMATION_FORMAT = dwarf;
				ENABLE_STRICT_OBJC_MSGSEND = YES;
				ENABLE_TESTABILITY = YES;
				GCC_C_LANGUAGE_STANDARD = gnu99;
				GCC_DYNAMIC_NO_PIC = NO;
				GCC_NO_COMMON_BLOCKS = YES;
				GCC_OPTIMIZATION_LEVEL = 0;
				GCC_PREPROCESSOR_DEFINITIONS = (
					"DEBUG=1",
					"$(inherited)",
				);
				GCC_WARN_64_TO_32_BIT_CONVERSION = YES;
				GCC_WARN_ABOUT_RETURN_TYPE = YES_ERROR;
				GCC_WARN_UNDECLARED_SELECTOR = YES;
				GCC_WARN_UNINITIALIZED_AUTOS = YES_AGGRESSIVE;
				GCC_WARN_UNUSED_FUNCTION = YES;
				GCC_WARN_UNUSED_VARIABLE = YES;
				IPHONEOS_DEPLOYMENT_TARGET = 9.3;
				MTL_ENABLE_DEBUG_INFO = YES;
				ONLY_ACTIVE_ARCH = YES;
				SDKROOT = iphoneos;
				TARGETED_DEVICE_FAMILY = "1,2";
			};
			name = Debug;
		};
		6B8B0E9F1DCC573900C64E00 /* Release */ = {
			isa = XCBuildConfiguration;
			buildSettings = {
				ALWAYS_SEARCH_USER_PATHS = NO;
				CLANG_ANALYZER_NONNULL = YES;
				CLANG_CXX_LANGUAGE_STANDARD = "gnu++0x";
				CLANG_CXX_LIBRARY = "libc++";
				CLANG_ENABLE_MODULES = YES;
				CLANG_ENABLE_OBJC_ARC = YES;
				CLANG_WARN_BOOL_CONVERSION = YES;
				CLANG_WARN_CONSTANT_CONVERSION = YES;
				CLANG_WARN_DIRECT_OBJC_ISA_USAGE = YES_ERROR;
				CLANG_WARN_EMPTY_BODY = YES;
				CLANG_WARN_ENUM_CONVERSION = YES;
				CLANG_WARN_INT_CONVERSION = YES;
				CLANG_WARN_OBJC_ROOT_CLASS = YES_ERROR;
				CLANG_WARN_UNREACHABLE_CODE = YES;
				CLANG_WARN__DUPLICATE_METHOD_MATCH = YES;
				"CODE_SIGN_IDENTITY[sdk=iphoneos*]" = "iPhone Developer";
				COPY_PHASE_STRIP = NO;
				DEBUG_INFORMATION_FORMAT = "dwarf-with-dsym";
				ENABLE_NS_ASSERTIONS = NO;
				ENABLE_STRICT_OBJC_MSGSEND = YES;
				GCC_C_LANGUAGE_STANDARD = gnu99;
				GCC_NO_COMMON_BLOCKS = YES;
				GCC_WARN_64_TO_32_BIT_CONVERSION = YES;
				GCC_WARN_ABOUT_RETURN_TYPE = YES_ERROR;
				GCC_WARN_UNDECLARED_SELECTOR = YES;
				GCC_WARN_UNINITIALIZED_AUTOS = YES_AGGRESSIVE;
				GCC_WARN_UNUSED_FUNCTION = YES;
				GCC_WARN_UNUSED_VARIABLE = YES;
				IPHONEOS_DEPLOYMENT_TARGET = 9.3;
				MTL_ENABLE_DEBUG_INFO = NO;
				SDKROOT = iphoneos;
				TARGETED_DEVICE_FAMILY = "1,2";
				VALIDATE_PRODUCT = YES;
			};
			name = Release;
		};
		6B8B0EA11DCC573900C64E00 /* Debug */ = {
			isa = XCBuildConfiguration;
			buildSettings = {
				ASSETCATALOG_COMPILER_APPICON_NAME = AppIcon;
				INFOPLIST_FILE = GRContactList/Info.plist;
				LD_RUNPATH_SEARCH_PATHS = "$(inherited) @executable_path/Frameworks";
				PRODUCT_BUNDLE_IDENTIFIER = com.felix.GRContactList;
				PRODUCT_NAME = "$(TARGET_NAME)";
			};
			name = Debug;
		};
		6B8B0EA21DCC573900C64E00 /* Release */ = {
			isa = XCBuildConfiguration;
			buildSettings = {
				ASSETCATALOG_COMPILER_APPICON_NAME = AppIcon;
				INFOPLIST_FILE = GRContactList/Info.plist;
				LD_RUNPATH_SEARCH_PATHS = "$(inherited) @executable_path/Frameworks";
				PRODUCT_BUNDLE_IDENTIFIER = com.felix.GRContactList;
				PRODUCT_NAME = "$(TARGET_NAME)";
			};
			name = Release;
		};
/* End XCBuildConfiguration section */

/* Begin XCConfigurationList section */
		6B8B0E811DCC573900C64E00 /* Build configuration list for PBXProject "GRContactList" */ = {
			isa = XCConfigurationList;
			buildConfigurations = (
				6B8B0E9E1DCC573900C64E00 /* Debug */,
				6B8B0E9F1DCC573900C64E00 /* Release */,
			);
			defaultConfigurationIsVisible = 0;
			defaultConfigurationName = Release;
		};
		6B8B0EA01DCC573900C64E00 /* Build configuration list for PBXNativeTarget "GRContactList" */ = {
			isa = XCConfigurationList;
			buildConfigurations = (
				6B8B0EA11DCC573900C64E00 /* Debug */,
				6B8B0EA21DCC573900C64E00 /* Release */,
			);
			defaultConfigurationIsVisible = 0;
		};
/* End XCConfigurationList section */

/* Begin XCVersionGroup section */
		6B8B0E951DCC573900C64E00 /* GRContactList.xcdatamodeld */ = {
			isa = XCVersionGroup;
			children = (
				6B8B0E961DCC573900C64E00 /* GRContactList.xcdatamodel */,
			);
			currentVersion = 6B8B0E961DCC573900C64E00 /* GRContactList.xcdatamodel */;
			path = GRContactList.xcdatamodeld;
			sourceTree = "<group>";
			versionGroupType = wrapper.xcdatamodel;
		};
/* End XCVersionGroup section */
	};
	rootObject = 6B8B0E7E1DCC573900C64E00 /* Project object */;
}
